
Microsoft Visual Studio Solution File, Format Version 12.00
# Visual Studio Version 16
VisualStudioVersion = 16.0.31205.134
MinimumVisualStudioVersion = 10.0.40219.1
Project("{FAE04EC0-301F-11D3-BF4B-00C04F79EFBC}") = "DIO.series", "DIO.series\DIO.series.csproj", "{BD5F2586-265E-4C8C-A23D-123613268975}"
EndProject
Global
	GlobalSection(SolutionConfigurationPlatforms) = preSolution
		Debug|Any CPU = Debug|Any CPU
		Release|Any CPU = Release|Any CPU
	EndGlobalSection
	GlobalSection(ProjectConfigurationPlatforms) = postSolution
		{BD5F2586-265E-4C8C-A23D-123613268975}.Debug|Any CPU.ActiveCfg = Debug|Any CPU
		{BD5F2586-265E-4C8C-A23D-123613268975}.Debug|Any CPU.Build.0 = Debug|Any CPU
		{BD5F2586-265E-4C8C-A23D-123613268975}.Release|Any CPU.ActiveCfg = Release|Any CPU
		{BD5F2586-265E-4C8C-A23D-123613268975}.Release|Any CPU.Build.0 = Release|Any CPU
	EndGlobalSection
	GlobalSection(SolutionProperties) = preSolution
		HideSolutionNode = FALSE
	EndGlobalSection
	GlobalSection(ExtensibilityGlobals) = postSolution
		SolutionGuid = {6AD28FF7-3001-4E24-93B7-EF0DD574F1C7}
	EndGlobalSection
EndGlobal
